
Microsoft Visual Studio Solution File, Format Version 12.00
# Visual Studio Version 17
VisualStudioVersion = 17.3.32825.248
MinimumVisualStudioVersion = 10.0.40219.1
Project("{8BC9CEB8-8B4A-11D0-8D11-00A0C91BC942}") = "Lab6", "Lab6\Lab6.vcxproj", "{16BDCA8F-F181-4DCF-AC5F-403CFF20E1EC}"
EndProject
Global
	GlobalSection(SolutionConfigurationPlatforms) = preSolution
		Debug|x64 = Debug|x64
		Debug|x86 = Debug|x86
		Release|x64 = Release|x64
		Release|x86 = Release|x86
	EndGlobalSection
	GlobalSection(ProjectConfigurationPlatforms) = postSolution
		{16BDCA8F-F181-4DCF-AC5F-403CFF20E1EC}.Debug|x64.ActiveCfg = Debug|x64
		{16BDCA8F-F181-4DCF-AC5F-403CFF20E1EC}.Debug|x64.Build.0 = Debug|x64
		{16BDCA8F-F181-4DCF-AC5F-403CFF20E1EC}.Debug|x86.ActiveCfg = Debug|Win32
		{16BDCA8F-F181-4DCF-AC5F-403CFF20E1EC}.Debug|x86.Build.0 = Debug|Win32
		{16BDCA8F-F181-4DCF-AC5F-403CFF20E1EC}.Release|x64.ActiveCfg = Release|x64
		{16BDCA8F-F181-4DCF-AC5F-403CFF20E1EC}.Release|x64.Build.0 = Release|x64
		{16BDCA8F-F181-4DCF-AC5F-403CFF20E1EC}.Release|x86.ActiveCfg = Release|Win32
		{16BDCA8F-F181-4DCF-AC5F-403CFF20E1EC}.Release|x86.Build.0 = Release|Win32
	EndGlobalSection
	GlobalSection(SolutionProperties) = preSolution
		HideSolutionNode = FALSE
	EndGlobalSection
	GlobalSection(ExtensibilityGlobals) = postSolution
		SolutionGuid = {31AA5D70-EFDF-4486-A133-13BEB1FEB0F5}
	EndGlobalSection
EndGlobal
